
Microsoft Visual Studio Solution File, Format Version 12.00
# Visual Studio Version 17
VisualStudioVersion = 17.8.34330.188
MinimumVisualStudioVersion = 10.0.40219.1
Project("{FAE04EC0-301F-11D3-BF4B-00C04F79EFBC}") = "ProjetoDeEstudo", "ProjetoDeEstudo\ProjetoDeEstudo.csproj", "{167D7256-4168-429F-AB5E-269868D707FA}"
EndProject
Project("{FAE04EC0-301F-11D3-BF4B-00C04F79EFBC}") = "TestProjetoDeEstudo", "TestProjetoDeEstudo\TestProjetoDeEstudo.csproj", "{13BA93D0-3989-4CEA-B83A-AA3E036A5E8A}"
EndProject
Global
	GlobalSection(SolutionConfigurationPlatforms) = preSolution
		Debug|Any CPU = Debug|Any CPU
		Release|Any CPU = Release|Any CPU
	EndGlobalSection
	GlobalSection(ProjectConfigurationPlatforms) = postSolution
		{167D7256-4168-429F-AB5E-269868D707FA}.Debug|Any CPU.ActiveCfg = Debug|Any CPU
		{167D7256-4168-429F-AB5E-269868D707FA}.Debug|Any CPU.Build.0 = Debug|Any CPU
		{167D7256-4168-429F-AB5E-269868D707FA}.Release|Any CPU.ActiveCfg = Release|Any CPU
		{167D7256-4168-429F-AB5E-269868D707FA}.Release|Any CPU.Build.0 = Release|Any CPU
		{13BA93D0-3989-4CEA-B83A-AA3E036A5E8A}.Debug|Any CPU.ActiveCfg = Debug|Any CPU
		{13BA93D0-3989-4CEA-B83A-AA3E036A5E8A}.Debug|Any CPU.Build.0 = Debug|Any CPU
		{13BA93D0-3989-4CEA-B83A-AA3E036A5E8A}.Release|Any CPU.ActiveCfg = Release|Any CPU
		{13BA93D0-3989-4CEA-B83A-AA3E036A5E8A}.Release|Any CPU.Build.0 = Release|Any CPU
	EndGlobalSection
	GlobalSection(SolutionProperties) = preSolution
		HideSolutionNode = FALSE
	EndGlobalSection
	GlobalSection(ExtensibilityGlobals) = postSolution
		SolutionGuid = {BC26B4F6-25D8-48DE-A2B9-75A03FE4DC4F}
	EndGlobalSection
EndGlobal
